// !$*UTF8*$!
{
	archiveVersion = 1;
	classes = {
	};
	objectVersion = 55;
	objects = {

/* Begin PBXBuildFile section */
		EE217AA728AAC3360063419E /* AppDelegate.swift in Sources */ = {isa = PBXBuildFile; fileRef = EE217AA628AAC3360063419E /* AppDelegate.swift */; };
		EE217AA928AAC3360063419E /* SceneDelegate.swift in Sources */ = {isa = PBXBuildFile; fileRef = EE217AA828AAC3360063419E /* SceneDelegate.swift */; };
		EE217AAB28AAC3360063419E /* ViewController.swift in Sources */ = {isa = PBXBuildFile; fileRef = EE217AAA28AAC3360063419E /* ViewController.swift */; };
		EE217AAE28AAC3360063419E /* Main.storyboard in Resources */ = {isa = PBXBuildFile; fileRef = EE217AAC28AAC3360063419E /* Main.storyboard */; };
		EE217AB028AAC3370063419E /* Assets.xcassets in Resources */ = {isa = PBXBuildFile; fileRef = EE217AAF28AAC3370063419E /* Assets.xcassets */; };
		EE217AB328AAC3370063419E /* LaunchScreen.storyboard in Resources */ = {isa = PBXBuildFile; fileRef = EE217AB128AAC3370063419E /* LaunchScreen.storyboard */; };
		EE217ABE28AAC85B0063419E /* StateMachine in Frameworks */ = {isa = PBXBuildFile; productRef = EE217ABD28AAC85B0063419E /* StateMachine */; };
		EE217AC028AACA1B0063419E /* ExampleMachine.swift in Sources */ = {isa = PBXBuildFile; fileRef = EE217ABF28AACA1B0063419E /* ExampleMachine.swift */; };
/* End PBXBuildFile section */

/* Begin PBXFileReference section */
		EE217AA328AAC3360063419E /* statemachine.app */ = {isa = PBXFileReference; explicitFileType = wrapper.application; includeInIndex = 0; path = statemachine.app; sourceTree = BUILT_PRODUCTS_DIR; };
		EE217AA628AAC3360063419E /* AppDelegate.swift */ = {isa = PBXFileReference; lastKnownFileType = sourcecode.swift; path = AppDelegate.swift; sourceTree = "<group>"; };
		EE217AA828AAC3360063419E /* SceneDelegate.swift */ = {isa = PBXFileReference; lastKnownFileType = sourcecode.swift; path = SceneDelegate.swift; sourceTree = "<group>"; };
		EE217AAA28AAC3360063419E /* ViewController.swift */ = {isa = PBXFileReference; lastKnownFileType = sourcecode.swift; path = ViewController.swift; sourceTree = "<group>"; };
		EE217AAD28AAC3360063419E /* Base */ = {isa = PBXFileReference; lastKnownFileType = file.storyboard; name = Base; path = Base.lproj/Main.storyboard; sourceTree = "<group>"; };
		EE217AAF28AAC3370063419E /* Assets.xcassets */ = {isa = PBXFileReference; lastKnownFileType = folder.assetcatalog; path = Assets.xcassets; sourceTree = "<group>"; };
		EE217AB228AAC3370063419E /* Base */ = {isa = PBXFileReference; lastKnownFileType = file.storyboard; name = Base; path = Base.lproj/LaunchScreen.storyboard; sourceTree = "<group>"; };
		EE217AB428AAC3370063419E /* Info.plist */ = {isa = PBXFileReference; lastKnownFileType = text.plist.xml; path = Info.plist; sourceTree = "<group>"; };
		EE217ABF28AACA1B0063419E /* ExampleMachine.swift */ = {isa = PBXFileReference; lastKnownFileType = sourcecode.swift; path = ExampleMachine.swift; sourceTree = "<group>"; };
/* End PBXFileReference section */

/* Begin PBXFrameworksBuildPhase section */
		EE217AA028AAC3360063419E /* Frameworks */ = {
			isa = PBXFrameworksBuildPhase;
			buildActionMask = 2147483647;
			files = (
				EE217ABE28AAC85B0063419E /* StateMachine in Frameworks */,
			);
			runOnlyForDeploymentPostprocessing = 0;
		};
/* End PBXFrameworksBuildPhase section */

/* Begin PBXGroup section */
		EE217A9A28AAC3360063419E = {
			isa = PBXGroup;
			children = (
				EE217AA528AAC3360063419E /* statemachine */,
				EE217AA428AAC3360063419E /* Products */,
			);
			sourceTree = "<group>";
		};
		EE217AA428AAC3360063419E /* Products */ = {
			isa = PBXGroup;
			children = (
				EE217AA328AAC3360063419E /* statemachine.app */,
			);
			name = Products;
			sourceTree = "<group>";
		};
		EE217AA528AAC3360063419E /* statemachine */ = {
			isa = PBXGroup;
			children = (
				EE217AA628AAC3360063419E /* AppDelegate.swift */,
				EE217AA828AAC3360063419E /* SceneDelegate.swift */,
				EE217AAA28AAC3360063419E /* ViewController.swift */,
				EE217AAC28AAC3360063419E /* Main.storyboard */,
				EE217AAF28AAC3370063419E /* Assets.xcassets */,
				EE217AB128AAC3370063419E /* LaunchScreen.storyboard */,
				EE217AB428AAC3370063419E /* Info.plist */,
				EE217ABF28AACA1B0063419E /* ExampleMachine.swift */,
			);
			path = statemachine;
			sourceTree = "<group>";
		};
/* End PBXGroup section */

/* Begin PBXNativeTarget section */
		EE217AA228AAC3360063419E /* statemachine */ = {
			isa = PBXNativeTarget;
			buildConfigurationList = EE217AB728AAC3370063419E /* Build configuration list for PBXNativeTarget "statemachine" */;
			buildPhases = (
				EE217A9F28AAC3360063419E /* Sources */,
				EE217AA028AAC3360063419E /* Frameworks */,
				EE217AA128AAC3360063419E /* Resources */,
			);
			buildRules = (
			);
			dependencies = (
			);
			name = statemachine;
			packageProductDependencies = (
				EE217ABD28AAC85B0063419E /* StateMachine */,
			);
			productName = statemachine;
			productReference = EE217AA328AAC3360063419E /* statemachine.app */;
			productType = "com.apple.product-type.application";
		};
/* End PBXNativeTarget section */

/* Begin PBXProject section */
		EE217A9B28AAC3360063419E /* Project object */ = {
			isa = PBXProject;
			attributes = {
				BuildIndependentTargetsInParallel = 1;
				LastSwiftUpdateCheck = 1340;
				LastUpgradeCheck = 1340;
				TargetAttributes = {
					EE217AA228AAC3360063419E = {
						CreatedOnToolsVersion = 13.4.1;
					};
				};
			};
			buildConfigurationList = EE217A9E28AAC3360063419E /* Build configuration list for PBXProject "statemachine" */;
			compatibilityVersion = "Xcode 13.0";
			developmentRegion = en;
			hasScannedForEncodings = 0;
			knownRegions = (
				en,
				Base,
			);
			mainGroup = EE217A9A28AAC3360063419E;
			packageReferences = (
				EE217ABC28AAC85B0063419E /* XCRemoteSwiftPackageReference "StateMachine" */,
			);
			productRefGroup = EE217AA428AAC3360063419E /* Products */;
			projectDirPath = "";
			projectRoot = "";
			targets = (
				EE217AA228AAC3360063419E /* statemachine */,
			);
		};
/* End PBXProject section */

/* Begin PBXResourcesBuildPhase section */
		EE217AA128AAC3360063419E /* Resources */ = {
			isa = PBXResourcesBuildPhase;
			buildActionMask = 2147483647;
			files = (
				EE217AB328AAC3370063419E /* LaunchScreen.storyboard in Resources */,
				EE217AB028AAC3370063419E /* Assets.xcassets in Resources */,
				EE217AAE28AAC3360063419E /* Main.storyboard in Resources */,
			);
			runOnlyForDeploymentPostprocessing = 0;
		};
/* End PBXResourcesBuildPhase section */

/* Begin PBXSourcesBuildPhase section */
		EE217A9F28AAC3360063419E /* Sources */ = {
			isa = PBXSourcesBuildPhase;
			buildActionMask = 2147483647;
			files = (
				EE217AAB28AAC3360063419E /* ViewController.swift in Sources */,
				EE217AC028AACA1B0063419E /* ExampleMachine.swift in Sources */,
				EE217AA728AAC3360063419E /* AppDelegate.swift in Sources */,
				EE217AA928AAC3360063419E /* SceneDelegate.swift in Sources */,
			);
			runOnlyForDeploymentPostprocessing = 0;
		};
/* End PBXSourcesBuildPhase section */

/* Begin PBXVariantGroup section */
		EE217AAC28AAC3360063419E /* Main.storyboard */ = {
			isa = PBXVariantGroup;
			children = (
				EE217AAD28AAC3360063419E /* Base */,
			);
			name = Main.storyboard;
			sourceTree = "<group>";
		};
		EE217AB128AAC3370063419E /* LaunchScreen.storyboard */ = {
			isa = PBXVariantGroup;
			children = (
				EE217AB228AAC3370063419E /* Base */,
			);
			name = LaunchScreen.storyboard;
			sourceTree = "<group>";
		};
/* End PBXVariantGroup section */

/* Begin XCBuildConfiguration section */
		EE217AB528AAC3370063419E /* Debug */ = {
			isa = XCBuildConfiguration;
			buildSettings = {
				ALWAYS_SEARCH_USER_PATHS = NO;
				CLANG_ANALYZER_NONNULL = YES;
				CLANG_ANALYZER_NUMBER_OBJECT_CONVERSION = YES_AGGRESSIVE;
				CLANG_CXX_LANGUAGE_STANDARD = "gnu++17";
				CLANG_ENABLE_MODULES = YES;
				CLANG_ENABLE_OBJC_ARC = YES;
				CLANG_ENABLE_OBJC_WEAK = YES;
				CLANG_WARN_BLOCK_CAPTURE_AUTORELEASING = YES;
				CLANG_WARN_BOOL_CONVERSION = YES;
				CLANG_WARN_COMMA = YES;
				CLANG_WARN_CONSTANT_CONVERSION = YES;
				CLANG_WARN_DEPRECATED_OBJC_IMPLEMENTATIONS = YES;
				CLANG_WARN_DIRECT_OBJC_ISA_USAGE = YES_ERROR;
				CLANG_WARN_DOCUMENTATION_COMMENTS = YES;
				CLANG_WARN_EMPTY_BODY = YES;
				CLANG_WARN_ENUM_CONVERSION = YES;
				CLANG_WARN_INFINITE_RECURSION = YES;
				CLANG_WARN_INT_CONVERSION = YES;
				CLANG_WARN_NON_LITERAL_NULL_CONVERSION = YES;
				CLANG_WARN_OBJC_IMPLICIT_RETAIN_SELF = YES;
				CLANG_WARN_OBJC_LITERAL_CONVERSION = YES;
				CLANG_WARN_OBJC_ROOT_CLASS = YES_ERROR;
				CLANG_WARN_QUOTED_INCLUDE_IN_FRAMEWORK_HEADER = YES;
				CLANG_WARN_RANGE_LOOP_ANALYSIS = YES;
				CLANG_WARN_STRICT_PROTOTYPES = YES;
				CLANG_WARN_SUSPICIOUS_MOVE = YES;
				CLANG_WARN_UNGUARDED_AVAILABILITY = YES_AGGRESSIVE;
				CLANG_WARN_UNREACHABLE_CODE = YES;
				CLANG_WARN__DUPLICATE_METHOD_MATCH = YES;
				COPY_PHASE_STRIP = NO;
				DEBUG_INFORMATION_FORMAT = dwarf;
				ENABLE_STRICT_OBJC_MSGSEND = YES;
				ENABLE_TESTABILITY = YES;
				GCC_C_LANGUAGE_STANDARD = gnu11;
				GCC_DYNAMIC_NO_PIC = NO;
				GCC_NO_COMMON_BLOCKS = YES;
				GCC_OPTIMIZATION_LEVEL = 0;
				GCC_PREPROCESSOR_DEFINITIONS = (
					"DEBUG=1",
					"$(inherited)",
				);
				GCC_WARN_64_TO_32_BIT_CONVERSION = YES;
				GCC_WARN_ABOUT_RETURN_TYPE = YES_ERROR;
				GCC_WARN_UNDECLARED_SELECTOR = YES;
				GCC_WARN_UNINITIALIZED_AUTOS = YES_AGGRESSIVE;
				GCC_WARN_UNUSED_FUNCTION = YES;
				GCC_WARN_UNUSED_VARIABLE = YES;
				IPHONEOS_DEPLOYMENT_TARGET = 15.5;
				MTL_ENABLE_DEBUG_INFO = INCLUDE_SOURCE;
				MTL_FAST_MATH = YES;
				ONLY_ACTIVE_ARCH = YES;
				SDKROOT = iphoneos;
				SWIFT_ACTIVE_COMPILATION_CONDITIONS = DEBUG;
				SWIFT_OPTIMIZATION_LEVEL = "-Onone";
			};
			name = Debug;
		};
		EE217AB628AAC3370063419E /* Release */ = {
			isa = XCBuildConfiguration;
			buildSettings = {
				ALWAYS_SEARCH_USER_PATHS = NO;
				CLANG_ANALYZER_NONNULL = YES;
				CLANG_ANALYZER_NUMBER_OBJECT_CONVERSION = YES_AGGRESSIVE;
				CLANG_CXX_LANGUAGE_STANDARD = "gnu++17";
				CLANG_ENABLE_MODULES = YES;
				CLANG_ENABLE_OBJC_ARC = YES;
				CLANG_ENABLE_OBJC_WEAK = YES;
				CLANG_WARN_BLOCK_CAPTURE_AUTORELEASING = YES;
				CLANG_WARN_BOOL_CONVERSION = YES;
				CLANG_WARN_COMMA = YES;
				CLANG_WARN_CONSTANT_CONVERSION = YES;
				CLANG_WARN_DEPRECATED_OBJC_IMPLEMENTATIONS = YES;
				CLANG_WARN_DIRECT_OBJC_ISA_USAGE = YES_ERROR;
				CLANG_WARN_DOCUMENTATION_COMMENTS = YES;
				CLANG_WARN_EMPTY_BODY = YES;
				CLANG_WARN_ENUM_CONVERSION = YES;
				CLANG_WARN_INFINITE_RECURSION = YES;
				CLANG_WARN_INT_CONVERSION = YES;
				CLANG_WARN_NON_LITERAL_NULL_CONVERSION = YES;
				CLANG_WARN_OBJC_IMPLICIT_RETAIN_SELF = YES;
				CLANG_WARN_OBJC_LITERAL_CONVERSION = YES;
				CLANG_WARN_OBJC_ROOT_CLASS = YES_ERROR;
				CLANG_WARN_QUOTED_INCLUDE_IN_FRAMEWORK_HEADER = YES;
				CLANG_WARN_RANGE_LOOP_ANALYSIS = YES;
				CLANG_WARN_STRICT_PROTOTYPES = YES;
				CLANG_WARN_SUSPICIOUS_MOVE = YES;
				CLANG_WARN_UNGUARDED_AVAILABILITY = YES_AGGRESSIVE;
				CLANG_WARN_UNREACHABLE_CODE = YES;
				CLANG_WARN__DUPLICATE_METHOD_MATCH = YES;
				COPY_PHASE_STRIP = NO;
				DEBUG_INFORMATION_FORMAT = "dwarf-with-dsym";
				ENABLE_NS_ASSERTIONS = NO;
				ENABLE_STRICT_OBJC_MSGSEND = YES;
				GCC_C_LANGUAGE_STANDARD = gnu11;
				GCC_NO_COMMON_BLOCKS = YES;
				GCC_WARN_64_TO_32_BIT_CONVERSION = YES;
				GCC_WARN_ABOUT_RETURN_TYPE = YES_ERROR;
				GCC_WARN_UNDECLARED_SELECTOR = YES;
				GCC_WARN_UNINITIALIZED_AUTOS = YES_AGGRESSIVE;
				GCC_WARN_UNUSED_FUNCTION = YES;
				GCC_WARN_UNUSED_VARIABLE = YES;
				IPHONEOS_DEPLOYMENT_TARGET = 15.5;
				MTL_ENABLE_DEBUG_INFO = NO;
				MTL_FAST_MATH = YES;
				SDKROOT = iphoneos;
				SWIFT_COMPILATION_MODE = wholemodule;
				SWIFT_OPTIMIZATION_LEVEL = "-O";
				VALIDATE_PRODUCT = YES;
			};
			name = Release;
		};
		EE217AB828AAC3370063419E /* Debug */ = {
			isa = XCBuildConfiguration;
			buildSettings = {
				ASSETCATALOG_COMPILER_APPICON_NAME = AppIcon;
				ASSETCATALOG_COMPILER_GLOBAL_ACCENT_COLOR_NAME = AccentColor;
				CODE_SIGN_STYLE = Automatic;
				CURRENT_PROJECT_VERSION = 1;
				DEVELOPMENT_TEAM = A9DFQ3872A;
				GENERATE_INFOPLIST_FILE = YES;
				INFOPLIST_FILE = statemachine/Info.plist;
				INFOPLIST_KEY_UIApplicationSupportsIndirectInputEvents = YES;
				INFOPLIST_KEY_UILaunchStoryboardName = LaunchScreen;
				INFOPLIST_KEY_UIMainStoryboardFile = Main;
				INFOPLIST_KEY_UISupportedInterfaceOrientations_iPad = "UIInterfaceOrientationPortrait UIInterfaceOrientationPortraitUpsideDown UIInterfaceOrientationLandscapeLeft UIInterfaceOrientationLandscapeRight";
				INFOPLIST_KEY_UISupportedInterfaceOrientations_iPhone = "UIInterfaceOrientationPortrait UIInterfaceOrientationLandscapeLeft UIInterfaceOrientationLandscapeRight";
				LD_RUNPATH_SEARCH_PATHS = (
					"$(inherited)",
					"@executable_path/Frameworks",
				);
				MARKETING_VERSION = 1.0;
				PRODUCT_BUNDLE_IDENTIFIER = com.lucidmotors.statemachine;
				PRODUCT_NAME = "$(TARGET_NAME)";
				SWIFT_EMIT_LOC_STRINGS = YES;
				SWIFT_VERSION = 5.0;
				TARGETED_DEVICE_FAMILY = "1,2";
			};
			name = Debug;
		};
		EE217AB928AAC3370063419E /* Release */ = {
			isa = XCBuildConfiguration;
			buildSettings = {
				ASSETCATALOG_COMPILER_APPICON_NAME = AppIcon;
				ASSETCATALOG_COMPILER_GLOBAL_ACCENT_COLOR_NAME = AccentColor;
				CODE_SIGN_STYLE = Automatic;
				CURRENT_PROJECT_VERSION = 1;
				DEVELOPMENT_TEAM = A9DFQ3872A;
				GENERATE_INFOPLIST_FILE = YES;
				INFOPLIST_FILE = statemachine/Info.plist;
				INFOPLIST_KEY_UIApplicationSupportsIndirectInputEvents = YES;
				INFOPLIST_KEY_UILaunchStoryboardName = LaunchScreen;
				INFOPLIST_KEY_UIMainStoryboardFile = Main;
				INFOPLIST_KEY_UISupportedInterfaceOrientations_iPad = "UIInterfaceOrientationPortrait UIInterfaceOrientationPortraitUpsideDown UIInterfaceOrientationLandscapeLeft UIInterfaceOrientationLandscapeRight";
				INFOPLIST_KEY_UISupportedInterfaceOrientations_iPhone = "UIInterfaceOrientationPortrait UIInterfaceOrientationLandscapeLeft UIInterfaceOrientationLandscapeRight";
				LD_RUNPATH_SEARCH_PATHS = (
					"$(inherited)",
					"@executable_path/Frameworks",
				);
				MARKETING_VERSION = 1.0;
				PRODUCT_BUNDLE_IDENTIFIER = com.lucidmotors.statemachine;
				PRODUCT_NAME = "$(TARGET_NAME)";
				SWIFT_EMIT_LOC_STRINGS = YES;
				SWIFT_VERSION = 5.0;
				TARGETED_DEVICE_FAMILY = "1,2";
			};
			name = Release;
		};
/* End XCBuildConfiguration section */

/* Begin XCConfigurationList section */
		EE217A9E28AAC3360063419E /* Build configuration list for PBXProject "statemachine" */ = {
			isa = XCConfigurationList;
			buildConfigurations = (
				EE217AB528AAC3370063419E /* Debug */,
				EE217AB628AAC3370063419E /* Release */,
			);
			defaultConfigurationIsVisible = 0;
			defaultConfigurationName = Release;
		};
		EE217AB728AAC3370063419E /* Build configuration list for PBXNativeTarget "statemachine" */ = {
			isa = XCConfigurationList;
			buildConfigurations = (
				EE217AB828AAC3370063419E /* Debug */,
				EE217AB928AAC3370063419E /* Release */,
			);
			defaultConfigurationIsVisible = 0;
			defaultConfigurationName = Release;
		};
/* End XCConfigurationList section */

/* Begin XCRemoteSwiftPackageReference section */
		EE217ABC28AAC85B0063419E /* XCRemoteSwiftPackageReference "StateMachine" */ = {
			isa = XCRemoteSwiftPackageReference;
			repositoryURL = "https://github.com/Tinder/StateMachine.git";
			requirement = {
				kind = upToNextMajorVersion;
				minimumVersion = 0.3.0;
			};
		};
/* End XCRemoteSwiftPackageReference section */

/* Begin XCSwiftPackageProductDependency section */
		EE217ABD28AAC85B0063419E /* StateMachine */ = {
			isa = XCSwiftPackageProductDependency;
			package = EE217ABC28AAC85B0063419E /* XCRemoteSwiftPackageReference "StateMachine" */;
			productName = StateMachine;
		};
/* End XCSwiftPackageProductDependency section */
	};
	rootObject = EE217A9B28AAC3360063419E /* Project object */;
}
